
Microsoft Visual Studio Solution File, Format Version 11.00
# Visual Studio 2010
Project("{FAE04EC0-301F-11D3-BF4B-00C04F79EFBC}") = "PitchPerfect", "PitchPerfect\PitchPerfect.csproj", "{0EE6060C-0F49-4996-8505-C713DEF51B92}"
EndProject
Global
	GlobalSection(SourceCodeControl) = preSolution
		SccNumberOfProjects = 2
		SccLocalPath0 = .
		SccProjectUniqueName1 = PitchPerfect\\PitchPerfect.csproj
		SccLocalPath1 = .
		SccProjectFilePathRelativizedFromConnection1 = PitchPerfect\\
	EndGlobalSection
	GlobalSection(SolutionConfigurationPlatforms) = preSolution
		Debug|x86 = Debug|x86
		Release|x86 = Release|x86
	EndGlobalSection
	GlobalSection(ProjectConfigurationPlatforms) = postSolution
		{0EE6060C-0F49-4996-8505-C713DEF51B92}.Debug|x86.ActiveCfg = Debug|x86
		{0EE6060C-0F49-4996-8505-C713DEF51B92}.Debug|x86.Build.0 = Debug|x86
		{0EE6060C-0F49-4996-8505-C713DEF51B92}.Release|x86.ActiveCfg = Release|x86
		{0EE6060C-0F49-4996-8505-C713DEF51B92}.Release|x86.Build.0 = Release|x86
	EndGlobalSection
	GlobalSection(SolutionProperties) = preSolution
		HideSolutionNode = FALSE
	EndGlobalSection
EndGlobal
