
Microsoft Visual Studio Solution File, Format Version 10.00
# Visual Studio 2008
Project("{8BC9CEB8-8B4A-11D0-8D11-00A0C91BC942}") = "CalcPro", "CalcPro\CalcPro2k8.vcproj", "{763583E5-3601-4260-ACDA-ED8CB7FF0093}"
EndProject
Project("{8BC9CEB8-8B4A-11D0-8D11-00A0C91BC942}") = "Scientific", "Scientific\Scientific.vcproj", "{3D245A27-1A49-43FD-8349-D6DB9AF948C8}"
EndProject
Project("{8BC9CEB8-8B4A-11D0-8D11-00A0C91BC942}") = "Financial", "Financial\Financial.vcproj", "{663807D5-7FD2-4E38-9767-93E96E7D4CFD}"
EndProject
Project("{8BC9CEB8-8B4A-11D0-8D11-00A0C91BC942}") = "Converter", "Converter\Converter.vcproj", "{A09AF179-141D-4612-A115-EB2DED3EE187}"
EndProject
Project("{8BC9CEB8-8B4A-11D0-8D11-00A0C91BC942}") = "UnitDll", "UnitDLL\UnitDll.vcproj", "{1CAECDFD-296D-4BFA-8A7F-CC9F46169300}"
EndProject
Global
	GlobalSection(SolutionConfigurationPlatforms) = preSolution
		Debug|Intrinsyc Soleus (ARMV4I) = Debug|Intrinsyc Soleus (ARMV4I)
		Debug|Pocket PC 2003 (ARMV4) = Debug|Pocket PC 2003 (ARMV4)
		Debug|Smartphone 2003 (ARMV4) = Debug|Smartphone 2003 (ARMV4)
		Debug|Windows Mobile 5.0 Pocket PC SDK (ARMV4I) = Debug|Windows Mobile 5.0 Pocket PC SDK (ARMV4I)
		Debug|Windows Mobile 5.0 Smartphone SDK (ARMV4I) = Debug|Windows Mobile 5.0 Smartphone SDK (ARMV4I)
		Release|Intrinsyc Soleus (ARMV4I) = Release|Intrinsyc Soleus (ARMV4I)
		Release|Pocket PC 2003 (ARMV4) = Release|Pocket PC 2003 (ARMV4)
		Release|Smartphone 2003 (ARMV4) = Release|Smartphone 2003 (ARMV4)
		Release|Windows Mobile 5.0 Pocket PC SDK (ARMV4I) = Release|Windows Mobile 5.0 Pocket PC SDK (ARMV4I)
		Release|Windows Mobile 5.0 Smartphone SDK (ARMV4I) = Release|Windows Mobile 5.0 Smartphone SDK (ARMV4I)
		ReleaseDemo|Intrinsyc Soleus (ARMV4I) = ReleaseDemo|Intrinsyc Soleus (ARMV4I)
		ReleaseDemo|Pocket PC 2003 (ARMV4) = ReleaseDemo|Pocket PC 2003 (ARMV4)
		ReleaseDemo|Smartphone 2003 (ARMV4) = ReleaseDemo|Smartphone 2003 (ARMV4)
		ReleaseDemo|Windows Mobile 5.0 Pocket PC SDK (ARMV4I) = ReleaseDemo|Windows Mobile 5.0 Pocket PC SDK (ARMV4I)
		ReleaseDemo|Windows Mobile 5.0 Smartphone SDK (ARMV4I) = ReleaseDemo|Windows Mobile 5.0 Smartphone SDK (ARMV4I)
	EndGlobalSection
	GlobalSection(ProjectConfigurationPlatforms) = postSolution
		{763583E5-3601-4260-ACDA-ED8CB7FF0093}.Debug|Intrinsyc Soleus (ARMV4I).ActiveCfg = Debug|Intrinsyc Soleus (ARMV4I)
		{763583E5-3601-4260-ACDA-ED8CB7FF0093}.Debug|Intrinsyc Soleus (ARMV4I).Build.0 = Debug|Intrinsyc Soleus (ARMV4I)
		{763583E5-3601-4260-ACDA-ED8CB7FF0093}.Debug|Intrinsyc Soleus (ARMV4I).Deploy.0 = Debug|Intrinsyc Soleus (ARMV4I)
		{763583E5-3601-4260-ACDA-ED8CB7FF0093}.Debug|Pocket PC 2003 (ARMV4).ActiveCfg = Debug|Pocket PC 2003 (ARMV4)
		{763583E5-3601-4260-ACDA-ED8CB7FF0093}.Debug|Pocket PC 2003 (ARMV4).Build.0 = Debug|Pocket PC 2003 (ARMV4)
		{763583E5-3601-4260-ACDA-ED8CB7FF0093}.Debug|Pocket PC 2003 (ARMV4).Deploy.0 = Debug|Pocket PC 2003 (ARMV4)
		{763583E5-3601-4260-ACDA-ED8CB7FF0093}.Debug|Smartphone 2003 (ARMV4).ActiveCfg = Debug|Smartphone 2003 (ARMV4)
		{763583E5-3601-4260-ACDA-ED8CB7FF0093}.Debug|Smartphone 2003 (ARMV4).Build.0 = Debug|Smartphone 2003 (ARMV4)
		{763583E5-3601-4260-ACDA-ED8CB7FF0093}.Debug|Smartphone 2003 (ARMV4).Deploy.0 = Debug|Smartphone 2003 (ARMV4)
		{763583E5-3601-4260-ACDA-ED8CB7FF0093}.Debug|Windows Mobile 5.0 Pocket PC SDK (ARMV4I).ActiveCfg = Debug|Windows Mobile 5.0 Pocket PC SDK (ARMV4I)
		{763583E5-3601-4260-ACDA-ED8CB7FF0093}.Debug|Windows Mobile 5.0 Pocket PC SDK (ARMV4I).Build.0 = Debug|Windows Mobile 5.0 Pocket PC SDK (ARMV4I)
		{763583E5-3601-4260-ACDA-ED8CB7FF0093}.Debug|Windows Mobile 5.0 Pocket PC SDK (ARMV4I).Deploy.0 = Debug|Windows Mobile 5.0 Pocket PC SDK (ARMV4I)
		{763583E5-3601-4260-ACDA-ED8CB7FF0093}.Debug|Windows Mobile 5.0 Smartphone SDK (ARMV4I).ActiveCfg = Debug|Windows Mobile 5.0 Smartphone SDK (ARMV4I)
		{763583E5-3601-4260-ACDA-ED8CB7FF0093}.Debug|Windows Mobile 5.0 Smartphone SDK (ARMV4I).Build.0 = Debug|Windows Mobile 5.0 Smartphone SDK (ARMV4I)
		{763583E5-3601-4260-ACDA-ED8CB7FF0093}.Debug|Windows Mobile 5.0 Smartphone SDK (ARMV4I).Deploy.0 = Debug|Windows Mobile 5.0 Smartphone SDK (ARMV4I)
		{763583E5-3601-4260-ACDA-ED8CB7FF0093}.Release|Intrinsyc Soleus (ARMV4I).ActiveCfg = Release|Intrinsyc Soleus (ARMV4I)
		{763583E5-3601-4260-ACDA-ED8CB7FF0093}.Release|Intrinsyc Soleus (ARMV4I).Build.0 = Release|Intrinsyc Soleus (ARMV4I)
		{763583E5-3601-4260-ACDA-ED8CB7FF0093}.Release|Intrinsyc Soleus (ARMV4I).Deploy.0 = Release|Intrinsyc Soleus (ARMV4I)
		{763583E5-3601-4260-ACDA-ED8CB7FF0093}.Release|Pocket PC 2003 (ARMV4).ActiveCfg = Release|Pocket PC 2003 (ARMV4)
		{763583E5-3601-4260-ACDA-ED8CB7FF0093}.Release|Pocket PC 2003 (ARMV4).Build.0 = Release|Pocket PC 2003 (ARMV4)
		{763583E5-3601-4260-ACDA-ED8CB7FF0093}.Release|Pocket PC 2003 (ARMV4).Deploy.0 = Release|Pocket PC 2003 (ARMV4)
		{763583E5-3601-4260-ACDA-ED8CB7FF0093}.Release|Smartphone 2003 (ARMV4).ActiveCfg = Release|Smartphone 2003 (ARMV4)
		{763583E5-3601-4260-ACDA-ED8CB7FF0093}.Release|Smartphone 2003 (ARMV4).Build.0 = Release|Smartphone 2003 (ARMV4)
		{763583E5-3601-4260-ACDA-ED8CB7FF0093}.Release|Smartphone 2003 (ARMV4).Deploy.0 = Release|Smartphone 2003 (ARMV4)
		{763583E5-3601-4260-ACDA-ED8CB7FF0093}.Release|Windows Mobile 5.0 Pocket PC SDK (ARMV4I).ActiveCfg = Release|Windows Mobile 5.0 Pocket PC SDK (ARMV4I)
		{763583E5-3601-4260-ACDA-ED8CB7FF0093}.Release|Windows Mobile 5.0 Pocket PC SDK (ARMV4I).Build.0 = Release|Windows Mobile 5.0 Pocket PC SDK (ARMV4I)
		{763583E5-3601-4260-ACDA-ED8CB7FF0093}.Release|Windows Mobile 5.0 Pocket PC SDK (ARMV4I).Deploy.0 = Release|Windows Mobile 5.0 Pocket PC SDK (ARMV4I)
		{763583E5-3601-4260-ACDA-ED8CB7FF0093}.Release|Windows Mobile 5.0 Smartphone SDK (ARMV4I).ActiveCfg = Release|Windows Mobile 5.0 Smartphone SDK (ARMV4I)
		{763583E5-3601-4260-ACDA-ED8CB7FF0093}.Release|Windows Mobile 5.0 Smartphone SDK (ARMV4I).Build.0 = Release|Windows Mobile 5.0 Smartphone SDK (ARMV4I)
		{763583E5-3601-4260-ACDA-ED8CB7FF0093}.Release|Windows Mobile 5.0 Smartphone SDK (ARMV4I).Deploy.0 = Release|Windows Mobile 5.0 Smartphone SDK (ARMV4I)
		{763583E5-3601-4260-ACDA-ED8CB7FF0093}.ReleaseDemo|Intrinsyc Soleus (ARMV4I).ActiveCfg = ReleaseDemo|Windows Mobile 6 Professional SDK (ARMV4I)
		{763583E5-3601-4260-ACDA-ED8CB7FF0093}.ReleaseDemo|Intrinsyc Soleus (ARMV4I).Build.0 = ReleaseDemo|Intrinsyc Soleus (ARMV4I)
		{763583E5-3601-4260-ACDA-ED8CB7FF0093}.ReleaseDemo|Intrinsyc Soleus (ARMV4I).Deploy.0 = ReleaseDemo|Intrinsyc Soleus (ARMV4I)
		{763583E5-3601-4260-ACDA-ED8CB7FF0093}.ReleaseDemo|Pocket PC 2003 (ARMV4).ActiveCfg = ReleaseDemo|Pocket PC 2003 (ARMV4)
		{763583E5-3601-4260-ACDA-ED8CB7FF0093}.ReleaseDemo|Pocket PC 2003 (ARMV4).Build.0 = ReleaseDemo|Pocket PC 2003 (ARMV4)
		{763583E5-3601-4260-ACDA-ED8CB7FF0093}.ReleaseDemo|Pocket PC 2003 (ARMV4).Deploy.0 = ReleaseDemo|Pocket PC 2003 (ARMV4)
		{763583E5-3601-4260-ACDA-ED8CB7FF0093}.ReleaseDemo|Smartphone 2003 (ARMV4).ActiveCfg = ReleaseDemo|Smartphone 2003 (ARMV4)
		{763583E5-3601-4260-ACDA-ED8CB7FF0093}.ReleaseDemo|Smartphone 2003 (ARMV4).Build.0 = ReleaseDemo|Smartphone 2003 (ARMV4)
		{763583E5-3601-4260-ACDA-ED8CB7FF0093}.ReleaseDemo|Smartphone 2003 (ARMV4).Deploy.0 = ReleaseDemo|Smartphone 2003 (ARMV4)
		{763583E5-3601-4260-ACDA-ED8CB7FF0093}.ReleaseDemo|Windows Mobile 5.0 Pocket PC SDK (ARMV4I).ActiveCfg = ReleaseDemo|Windows Mobile 5.0 Pocket PC SDK (ARMV4I)
		{763583E5-3601-4260-ACDA-ED8CB7FF0093}.ReleaseDemo|Windows Mobile 5.0 Pocket PC SDK (ARMV4I).Build.0 = ReleaseDemo|Windows Mobile 5.0 Pocket PC SDK (ARMV4I)
		{763583E5-3601-4260-ACDA-ED8CB7FF0093}.ReleaseDemo|Windows Mobile 5.0 Pocket PC SDK (ARMV4I).Deploy.0 = ReleaseDemo|Windows Mobile 5.0 Pocket PC SDK (ARMV4I)
		{763583E5-3601-4260-ACDA-ED8CB7FF0093}.ReleaseDemo|Windows Mobile 5.0 Smartphone SDK (ARMV4I).ActiveCfg = ReleaseDemo|Windows Mobile 5.0 Smartphone SDK (ARMV4I)
		{763583E5-3601-4260-ACDA-ED8CB7FF0093}.ReleaseDemo|Windows Mobile 5.0 Smartphone SDK (ARMV4I).Build.0 = ReleaseDemo|Windows Mobile 5.0 Smartphone SDK (ARMV4I)
		{763583E5-3601-4260-ACDA-ED8CB7FF0093}.ReleaseDemo|Windows Mobile 5.0 Smartphone SDK (ARMV4I).Deploy.0 = ReleaseDemo|Windows Mobile 5.0 Smartphone SDK (ARMV4I)
		{3D245A27-1A49-43FD-8349-D6DB9AF948C8}.Debug|Intrinsyc Soleus (ARMV4I).ActiveCfg = Debug|Pocket PC 2003 (ARMV4)
		{3D245A27-1A49-43FD-8349-D6DB9AF948C8}.Debug|Pocket PC 2003 (ARMV4).ActiveCfg = Debug|Pocket PC 2003 (ARMV4)
		{3D245A27-1A49-43FD-8349-D6DB9AF948C8}.Debug|Pocket PC 2003 (ARMV4).Build.0 = Debug|Pocket PC 2003 (ARMV4)
		{3D245A27-1A49-43FD-8349-D6DB9AF948C8}.Debug|Pocket PC 2003 (ARMV4).Deploy.0 = Debug|Pocket PC 2003 (ARMV4)
		{3D245A27-1A49-43FD-8349-D6DB9AF948C8}.Debug|Smartphone 2003 (ARMV4).ActiveCfg = Debug|Pocket PC 2003 (ARMV4)
		{3D245A27-1A49-43FD-8349-D6DB9AF948C8}.Debug|Windows Mobile 5.0 Pocket PC SDK (ARMV4I).ActiveCfg = Debug|Windows Mobile 5.0 Pocket PC SDK (ARMV4I)
		{3D245A27-1A49-43FD-8349-D6DB9AF948C8}.Debug|Windows Mobile 5.0 Smartphone SDK (ARMV4I).ActiveCfg = Debug|Windows Mobile 5.0 Smartphone SDK (ARMV4I)
		{3D245A27-1A49-43FD-8349-D6DB9AF948C8}.Release|Intrinsyc Soleus (ARMV4I).ActiveCfg = Release|Pocket PC 2003 (ARMV4)
		{3D245A27-1A49-43FD-8349-D6DB9AF948C8}.Release|Pocket PC 2003 (ARMV4).ActiveCfg = Release|Pocket PC 2003 (ARMV4)
		{3D245A27-1A49-43FD-8349-D6DB9AF948C8}.Release|Pocket PC 2003 (ARMV4).Build.0 = Release|Pocket PC 2003 (ARMV4)
		{3D245A27-1A49-43FD-8349-D6DB9AF948C8}.Release|Pocket PC 2003 (ARMV4).Deploy.0 = Release|Pocket PC 2003 (ARMV4)
		{3D245A27-1A49-43FD-8349-D6DB9AF948C8}.Release|Smartphone 2003 (ARMV4).ActiveCfg = Release|Pocket PC 2003 (ARMV4)
		{3D245A27-1A49-43FD-8349-D6DB9AF948C8}.Release|Windows Mobile 5.0 Pocket PC SDK (ARMV4I).ActiveCfg = Release|Windows Mobile 5.0 Pocket PC SDK (ARMV4I)
		{3D245A27-1A49-43FD-8349-D6DB9AF948C8}.Release|Windows Mobile 5.0 Pocket PC SDK (ARMV4I).Build.0 = Release|Windows Mobile 5.0 Pocket PC SDK (ARMV4I)
		{3D245A27-1A49-43FD-8349-D6DB9AF948C8}.Release|Windows Mobile 5.0 Pocket PC SDK (ARMV4I).Deploy.0 = Release|Windows Mobile 5.0 Pocket PC SDK (ARMV4I)
		{3D245A27-1A49-43FD-8349-D6DB9AF948C8}.Release|Windows Mobile 5.0 Smartphone SDK (ARMV4I).ActiveCfg = Release|Windows Mobile 5.0 Smartphone SDK (ARMV4I)
		{3D245A27-1A49-43FD-8349-D6DB9AF948C8}.Release|Windows Mobile 5.0 Smartphone SDK (ARMV4I).Build.0 = Release|Windows Mobile 5.0 Smartphone SDK (ARMV4I)
		{3D245A27-1A49-43FD-8349-D6DB9AF948C8}.Release|Windows Mobile 5.0 Smartphone SDK (ARMV4I).Deploy.0 = Release|Windows Mobile 5.0 Smartphone SDK (ARMV4I)
		{3D245A27-1A49-43FD-8349-D6DB9AF948C8}.ReleaseDemo|Intrinsyc Soleus (ARMV4I).ActiveCfg = ReleaseDemo|Windows Mobile 5.0 Smartphone SDK (ARMV4I)
		{3D245A27-1A49-43FD-8349-D6DB9AF948C8}.ReleaseDemo|Pocket PC 2003 (ARMV4).ActiveCfg = ReleaseDemo|Pocket PC 2003 (ARMV4)
		{3D245A27-1A49-43FD-8349-D6DB9AF948C8}.ReleaseDemo|Pocket PC 2003 (ARMV4).Deploy.0 = ReleaseDemo|Pocket PC 2003 (ARMV4)
		{3D245A27-1A49-43FD-8349-D6DB9AF948C8}.ReleaseDemo|Smartphone 2003 (ARMV4).ActiveCfg = ReleaseDemo|Windows Mobile 5.0 Smartphone SDK (ARMV4I)
		{3D245A27-1A49-43FD-8349-D6DB9AF948C8}.ReleaseDemo|Windows Mobile 5.0 Pocket PC SDK (ARMV4I).ActiveCfg = ReleaseDemo|Windows Mobile 5.0 Pocket PC SDK (ARMV4I)
		{3D245A27-1A49-43FD-8349-D6DB9AF948C8}.ReleaseDemo|Windows Mobile 5.0 Pocket PC SDK (ARMV4I).Deploy.0 = ReleaseDemo|Windows Mobile 5.0 Pocket PC SDK (ARMV4I)
		{3D245A27-1A49-43FD-8349-D6DB9AF948C8}.ReleaseDemo|Windows Mobile 5.0 Smartphone SDK (ARMV4I).ActiveCfg = ReleaseDemo|Windows Mobile 5.0 Smartphone SDK (ARMV4I)
		{3D245A27-1A49-43FD-8349-D6DB9AF948C8}.ReleaseDemo|Windows Mobile 5.0 Smartphone SDK (ARMV4I).Deploy.0 = ReleaseDemo|Windows Mobile 5.0 Smartphone SDK (ARMV4I)
		{663807D5-7FD2-4E38-9767-93E96E7D4CFD}.Debug|Intrinsyc Soleus (ARMV4I).ActiveCfg = Debug|Pocket PC 2003 (ARMV4)
		{663807D5-7FD2-4E38-9767-93E96E7D4CFD}.Debug|Pocket PC 2003 (ARMV4).ActiveCfg = Debug|Pocket PC 2003 (ARMV4)
		{663807D5-7FD2-4E38-9767-93E96E7D4CFD}.Debug|Pocket PC 2003 (ARMV4).Build.0 = Debug|Pocket PC 2003 (ARMV4)
		{663807D5-7FD2-4E38-9767-93E96E7D4CFD}.Debug|Pocket PC 2003 (ARMV4).Deploy.0 = Debug|Pocket PC 2003 (ARMV4)
		{663807D5-7FD2-4E38-9767-93E96E7D4CFD}.Debug|Smartphone 2003 (ARMV4).ActiveCfg = Debug|Pocket PC 2003 (ARMV4)
		{663807D5-7FD2-4E38-9767-93E96E7D4CFD}.Debug|Windows Mobile 5.0 Pocket PC SDK (ARMV4I).ActiveCfg = Debug|Windows Mobile 5.0 Pocket PC SDK (ARMV4I)
		{663807D5-7FD2-4E38-9767-93E96E7D4CFD}.Debug|Windows Mobile 5.0 Smartphone SDK (ARMV4I).ActiveCfg = Debug|Windows Mobile 5.0 Smartphone SDK (ARMV4I)
		{663807D5-7FD2-4E38-9767-93E96E7D4CFD}.Release|Intrinsyc Soleus (ARMV4I).ActiveCfg = Release|Pocket PC 2003 (ARMV4)
		{663807D5-7FD2-4E38-9767-93E96E7D4CFD}.Release|Pocket PC 2003 (ARMV4).ActiveCfg = Release|Pocket PC 2003 (ARMV4)
		{663807D5-7FD2-4E38-9767-93E96E7D4CFD}.Release|Pocket PC 2003 (ARMV4).Build.0 = Release|Pocket PC 2003 (ARMV4)
		{663807D5-7FD2-4E38-9767-93E96E7D4CFD}.Release|Pocket PC 2003 (ARMV4).Deploy.0 = Release|Pocket PC 2003 (ARMV4)
		{663807D5-7FD2-4E38-9767-93E96E7D4CFD}.Release|Smartphone 2003 (ARMV4).ActiveCfg = Release|Pocket PC 2003 (ARMV4)
		{663807D5-7FD2-4E38-9767-93E96E7D4CFD}.Release|Windows Mobile 5.0 Pocket PC SDK (ARMV4I).ActiveCfg = Release|Windows Mobile 5.0 Pocket PC SDK (ARMV4I)
		{663807D5-7FD2-4E38-9767-93E96E7D4CFD}.Release|Windows Mobile 5.0 Pocket PC SDK (ARMV4I).Build.0 = Release|Windows Mobile 5.0 Pocket PC SDK (ARMV4I)
		{663807D5-7FD2-4E38-9767-93E96E7D4CFD}.Release|Windows Mobile 5.0 Pocket PC SDK (ARMV4I).Deploy.0 = Release|Windows Mobile 5.0 Pocket PC SDK (ARMV4I)
		{663807D5-7FD2-4E38-9767-93E96E7D4CFD}.Release|Windows Mobile 5.0 Smartphone SDK (ARMV4I).ActiveCfg = Release|Windows Mobile 5.0 Smartphone SDK (ARMV4I)
		{663807D5-7FD2-4E38-9767-93E96E7D4CFD}.Release|Windows Mobile 5.0 Smartphone SDK (ARMV4I).Build.0 = Release|Windows Mobile 5.0 Smartphone SDK (ARMV4I)
		{663807D5-7FD2-4E38-9767-93E96E7D4CFD}.Release|Windows Mobile 5.0 Smartphone SDK (ARMV4I).Deploy.0 = Release|Windows Mobile 5.0 Smartphone SDK (ARMV4I)
		{663807D5-7FD2-4E38-9767-93E96E7D4CFD}.ReleaseDemo|Intrinsyc Soleus (ARMV4I).ActiveCfg = ReleaseDemo|Windows Mobile 5.0 Smartphone SDK (ARMV4I)
		{663807D5-7FD2-4E38-9767-93E96E7D4CFD}.ReleaseDemo|Pocket PC 2003 (ARMV4).ActiveCfg = ReleaseDemo|Pocket PC 2003 (ARMV4)
		{663807D5-7FD2-4E38-9767-93E96E7D4CFD}.ReleaseDemo|Pocket PC 2003 (ARMV4).Deploy.0 = ReleaseDemo|Pocket PC 2003 (ARMV4)
		{663807D5-7FD2-4E38-9767-93E96E7D4CFD}.ReleaseDemo|Smartphone 2003 (ARMV4).ActiveCfg = ReleaseDemo|Windows Mobile 5.0 Smartphone SDK (ARMV4I)
		{663807D5-7FD2-4E38-9767-93E96E7D4CFD}.ReleaseDemo|Windows Mobile 5.0 Pocket PC SDK (ARMV4I).ActiveCfg = ReleaseDemo|Windows Mobile 5.0 Pocket PC SDK (ARMV4I)
		{663807D5-7FD2-4E38-9767-93E96E7D4CFD}.ReleaseDemo|Windows Mobile 5.0 Pocket PC SDK (ARMV4I).Deploy.0 = ReleaseDemo|Windows Mobile 5.0 Pocket PC SDK (ARMV4I)
		{663807D5-7FD2-4E38-9767-93E96E7D4CFD}.ReleaseDemo|Windows Mobile 5.0 Smartphone SDK (ARMV4I).ActiveCfg = ReleaseDemo|Windows Mobile 5.0 Smartphone SDK (ARMV4I)
		{663807D5-7FD2-4E38-9767-93E96E7D4CFD}.ReleaseDemo|Windows Mobile 5.0 Smartphone SDK (ARMV4I).Deploy.0 = ReleaseDemo|Windows Mobile 5.0 Smartphone SDK (ARMV4I)
		{A09AF179-141D-4612-A115-EB2DED3EE187}.Debug|Intrinsyc Soleus (ARMV4I).ActiveCfg = Debug|Pocket PC 2003 (ARMV4)
		{A09AF179-141D-4612-A115-EB2DED3EE187}.Debug|Pocket PC 2003 (ARMV4).ActiveCfg = Debug|Pocket PC 2003 (ARMV4)
		{A09AF179-141D-4612-A115-EB2DED3EE187}.Debug|Pocket PC 2003 (ARMV4).Build.0 = Debug|Pocket PC 2003 (ARMV4)
		{A09AF179-141D-4612-A115-EB2DED3EE187}.Debug|Pocket PC 2003 (ARMV4).Deploy.0 = Debug|Pocket PC 2003 (ARMV4)
		{A09AF179-141D-4612-A115-EB2DED3EE187}.Debug|Smartphone 2003 (ARMV4).ActiveCfg = Debug|Pocket PC 2003 (ARMV4)
		{A09AF179-141D-4612-A115-EB2DED3EE187}.Debug|Windows Mobile 5.0 Pocket PC SDK (ARMV4I).ActiveCfg = Debug|Windows Mobile 5.0 Pocket PC SDK (ARMV4I)
		{A09AF179-141D-4612-A115-EB2DED3EE187}.Debug|Windows Mobile 5.0 Smartphone SDK (ARMV4I).ActiveCfg = Debug|Windows Mobile 5.0 Smartphone SDK (ARMV4I)
		{A09AF179-141D-4612-A115-EB2DED3EE187}.Debug|Windows Mobile 5.0 Smartphone SDK (ARMV4I).Build.0 = Debug|Windows Mobile 5.0 Smartphone SDK (ARMV4I)
		{A09AF179-141D-4612-A115-EB2DED3EE187}.Debug|Windows Mobile 5.0 Smartphone SDK (ARMV4I).Deploy.0 = Debug|Windows Mobile 5.0 Smartphone SDK (ARMV4I)
		{A09AF179-141D-4612-A115-EB2DED3EE187}.Release|Intrinsyc Soleus (ARMV4I).ActiveCfg = Release|Pocket PC 2003 (ARMV4)
		{A09AF179-141D-4612-A115-EB2DED3EE187}.Release|Pocket PC 2003 (ARMV4).ActiveCfg = Release|Pocket PC 2003 (ARMV4)
		{A09AF179-141D-4612-A115-EB2DED3EE187}.Release|Pocket PC 2003 (ARMV4).Build.0 = Release|Pocket PC 2003 (ARMV4)
		{A09AF179-141D-4612-A115-EB2DED3EE187}.Release|Pocket PC 2003 (ARMV4).Deploy.0 = Release|Pocket PC 2003 (ARMV4)
		{A09AF179-141D-4612-A115-EB2DED3EE187}.Release|Smartphone 2003 (ARMV4).ActiveCfg = Release|Pocket PC 2003 (ARMV4)
		{A09AF179-141D-4612-A115-EB2DED3EE187}.Release|Windows Mobile 5.0 Pocket PC SDK (ARMV4I).ActiveCfg = Release|Windows Mobile 5.0 Pocket PC SDK (ARMV4I)
		{A09AF179-141D-4612-A115-EB2DED3EE187}.Release|Windows Mobile 5.0 Pocket PC SDK (ARMV4I).Build.0 = Release|Windows Mobile 5.0 Pocket PC SDK (ARMV4I)
		{A09AF179-141D-4612-A115-EB2DED3EE187}.Release|Windows Mobile 5.0 Pocket PC SDK (ARMV4I).Deploy.0 = Release|Windows Mobile 5.0 Pocket PC SDK (ARMV4I)
		{A09AF179-141D-4612-A115-EB2DED3EE187}.Release|Windows Mobile 5.0 Smartphone SDK (ARMV4I).ActiveCfg = Release|Windows Mobile 5.0 Smartphone SDK (ARMV4I)
		{A09AF179-141D-4612-A115-EB2DED3EE187}.Release|Windows Mobile 5.0 Smartphone SDK (ARMV4I).Build.0 = Release|Windows Mobile 5.0 Smartphone SDK (ARMV4I)
		{A09AF179-141D-4612-A115-EB2DED3EE187}.Release|Windows Mobile 5.0 Smartphone SDK (ARMV4I).Deploy.0 = Release|Windows Mobile 5.0 Smartphone SDK (ARMV4I)
		{A09AF179-141D-4612-A115-EB2DED3EE187}.ReleaseDemo|Intrinsyc Soleus (ARMV4I).ActiveCfg = ReleaseDemo|Windows Mobile 5.0 Smartphone SDK (ARMV4I)
		{A09AF179-141D-4612-A115-EB2DED3EE187}.ReleaseDemo|Pocket PC 2003 (ARMV4).ActiveCfg = ReleaseDemo|Pocket PC 2003 (ARMV4)
		{A09AF179-141D-4612-A115-EB2DED3EE187}.ReleaseDemo|Pocket PC 2003 (ARMV4).Deploy.0 = ReleaseDemo|Pocket PC 2003 (ARMV4)
		{A09AF179-141D-4612-A115-EB2DED3EE187}.ReleaseDemo|Smartphone 2003 (ARMV4).ActiveCfg = ReleaseDemo|Windows Mobile 5.0 Smartphone SDK (ARMV4I)
		{A09AF179-141D-4612-A115-EB2DED3EE187}.ReleaseDemo|Windows Mobile 5.0 Pocket PC SDK (ARMV4I).ActiveCfg = ReleaseDemo|Windows Mobile 5.0 Pocket PC SDK (ARMV4I)
		{A09AF179-141D-4612-A115-EB2DED3EE187}.ReleaseDemo|Windows Mobile 5.0 Pocket PC SDK (ARMV4I).Deploy.0 = ReleaseDemo|Windows Mobile 5.0 Pocket PC SDK (ARMV4I)
		{A09AF179-141D-4612-A115-EB2DED3EE187}.ReleaseDemo|Windows Mobile 5.0 Smartphone SDK (ARMV4I).ActiveCfg = ReleaseDemo|Windows Mobile 5.0 Smartphone SDK (ARMV4I)
		{A09AF179-141D-4612-A115-EB2DED3EE187}.ReleaseDemo|Windows Mobile 5.0 Smartphone SDK (ARMV4I).Deploy.0 = ReleaseDemo|Windows Mobile 5.0 Smartphone SDK (ARMV4I)
		{1CAECDFD-296D-4BFA-8A7F-CC9F46169300}.Debug|Intrinsyc Soleus (ARMV4I).ActiveCfg = Debug|Windows Mobile 5.0 Pocket PC SDK (ARMV4I)
		{1CAECDFD-296D-4BFA-8A7F-CC9F46169300}.Debug|Pocket PC 2003 (ARMV4).ActiveCfg = Debug|Pocket PC 2003 (ARMV4)
		{1CAECDFD-296D-4BFA-8A7F-CC9F46169300}.Debug|Pocket PC 2003 (ARMV4).Build.0 = Debug|Pocket PC 2003 (ARMV4)
		{1CAECDFD-296D-4BFA-8A7F-CC9F46169300}.Debug|Pocket PC 2003 (ARMV4).Deploy.0 = Debug|Pocket PC 2003 (ARMV4)
		{1CAECDFD-296D-4BFA-8A7F-CC9F46169300}.Debug|Smartphone 2003 (ARMV4).ActiveCfg = Debug|Smartphone 2003 (ARMV4)
		{1CAECDFD-296D-4BFA-8A7F-CC9F46169300}.Debug|Smartphone 2003 (ARMV4).Build.0 = Debug|Smartphone 2003 (ARMV4)
		{1CAECDFD-296D-4BFA-8A7F-CC9F46169300}.Debug|Smartphone 2003 (ARMV4).Deploy.0 = Debug|Smartphone 2003 (ARMV4)
		{1CAECDFD-296D-4BFA-8A7F-CC9F46169300}.Debug|Windows Mobile 5.0 Pocket PC SDK (ARMV4I).ActiveCfg = Debug|Windows Mobile 5.0 Pocket PC SDK (ARMV4I)
		{1CAECDFD-296D-4BFA-8A7F-CC9F46169300}.Debug|Windows Mobile 5.0 Pocket PC SDK (ARMV4I).Build.0 = Debug|Windows Mobile 5.0 Pocket PC SDK (ARMV4I)
		{1CAECDFD-296D-4BFA-8A7F-CC9F46169300}.Debug|Windows Mobile 5.0 Pocket PC SDK (ARMV4I).Deploy.0 = Debug|Windows Mobile 5.0 Pocket PC SDK (ARMV4I)
		{1CAECDFD-296D-4BFA-8A7F-CC9F46169300}.Debug|Windows Mobile 5.0 Smartphone SDK (ARMV4I).ActiveCfg = Debug|Windows Mobile 5.0 Pocket PC SDK (ARMV4I)
		{1CAECDFD-296D-4BFA-8A7F-CC9F46169300}.Release|Intrinsyc Soleus (ARMV4I).ActiveCfg = Release|Windows Mobile 5.0 Pocket PC SDK (ARMV4I)
		{1CAECDFD-296D-4BFA-8A7F-CC9F46169300}.Release|Pocket PC 2003 (ARMV4).ActiveCfg = Release|Pocket PC 2003 (ARMV4)
		{1CAECDFD-296D-4BFA-8A7F-CC9F46169300}.Release|Pocket PC 2003 (ARMV4).Build.0 = Release|Pocket PC 2003 (ARMV4)
		{1CAECDFD-296D-4BFA-8A7F-CC9F46169300}.Release|Pocket PC 2003 (ARMV4).Deploy.0 = Release|Pocket PC 2003 (ARMV4)
		{1CAECDFD-296D-4BFA-8A7F-CC9F46169300}.Release|Smartphone 2003 (ARMV4).ActiveCfg = Release|Smartphone 2003 (ARMV4)
		{1CAECDFD-296D-4BFA-8A7F-CC9F46169300}.Release|Smartphone 2003 (ARMV4).Build.0 = Release|Smartphone 2003 (ARMV4)
		{1CAECDFD-296D-4BFA-8A7F-CC9F46169300}.Release|Smartphone 2003 (ARMV4).Deploy.0 = Release|Smartphone 2003 (ARMV4)
		{1CAECDFD-296D-4BFA-8A7F-CC9F46169300}.Release|Windows Mobile 5.0 Pocket PC SDK (ARMV4I).ActiveCfg = Release|Windows Mobile 5.0 Pocket PC SDK (ARMV4I)
		{1CAECDFD-296D-4BFA-8A7F-CC9F46169300}.Release|Windows Mobile 5.0 Pocket PC SDK (ARMV4I).Build.0 = Release|Windows Mobile 5.0 Pocket PC SDK (ARMV4I)
		{1CAECDFD-296D-4BFA-8A7F-CC9F46169300}.Release|Windows Mobile 5.0 Pocket PC SDK (ARMV4I).Deploy.0 = Release|Windows Mobile 5.0 Pocket PC SDK (ARMV4I)
		{1CAECDFD-296D-4BFA-8A7F-CC9F46169300}.Release|Windows Mobile 5.0 Smartphone SDK (ARMV4I).ActiveCfg = Release|Windows Mobile 5.0 Pocket PC SDK (ARMV4I)
		{1CAECDFD-296D-4BFA-8A7F-CC9F46169300}.ReleaseDemo|Intrinsyc Soleus (ARMV4I).ActiveCfg = ReleaseDemo|Windows Mobile 5.0 Pocket PC SDK (ARMV4I)
		{1CAECDFD-296D-4BFA-8A7F-CC9F46169300}.ReleaseDemo|Pocket PC 2003 (ARMV4).ActiveCfg = ReleaseDemo|Pocket PC 2003 (ARMV4)
		{1CAECDFD-296D-4BFA-8A7F-CC9F46169300}.ReleaseDemo|Pocket PC 2003 (ARMV4).Deploy.0 = ReleaseDemo|Pocket PC 2003 (ARMV4)
		{1CAECDFD-296D-4BFA-8A7F-CC9F46169300}.ReleaseDemo|Smartphone 2003 (ARMV4).ActiveCfg = ReleaseDemo|Smartphone 2003 (ARMV4)
		{1CAECDFD-296D-4BFA-8A7F-CC9F46169300}.ReleaseDemo|Smartphone 2003 (ARMV4).Deploy.0 = ReleaseDemo|Smartphone 2003 (ARMV4)
		{1CAECDFD-296D-4BFA-8A7F-CC9F46169300}.ReleaseDemo|Windows Mobile 5.0 Pocket PC SDK (ARMV4I).ActiveCfg = ReleaseDemo|Windows Mobile 5.0 Pocket PC SDK (ARMV4I)
		{1CAECDFD-296D-4BFA-8A7F-CC9F46169300}.ReleaseDemo|Windows Mobile 5.0 Pocket PC SDK (ARMV4I).Deploy.0 = ReleaseDemo|Windows Mobile 5.0 Pocket PC SDK (ARMV4I)
		{1CAECDFD-296D-4BFA-8A7F-CC9F46169300}.ReleaseDemo|Windows Mobile 5.0 Smartphone SDK (ARMV4I).ActiveCfg = ReleaseDemo|Windows Mobile 5.0 Pocket PC SDK (ARMV4I)
	EndGlobalSection
	GlobalSection(SolutionProperties) = preSolution
		HideSolutionNode = FALSE
	EndGlobalSection
EndGlobal
